<?xml version="1.0" encoding="utf-8"?>
<Project ToolsVersion="4.0" xmlns="http://schemas.microsoft.com/developer/msbuild/2003">
  <ItemGroup>
    <Filter Include="pch">
      <UniqueIdentifier>{11fc7879-9205-43ba-9262-d50460d6e979}</UniqueIdentifier>
    </Filter>
    <Filter Include="NetWork">
      <UniqueIdentifier>{403ad89f-f238-4fa7-8885-65a519e130ea}</UniqueIdentifier>
    </Filter>
  </ItemGroup>
  <ItemGroup>
    <ClInclude Include="pch.h">
      <Filter>pch</Filter>
    </ClInclude>
    <ClInclude Include="Service.h">
      <Filter>NetWork</Filter>
    </ClInclude>
    <ClInclude Include="CorePch.h">
      <Filter>pch</Filter>
    </ClInclude>
    <ClInclude Include="Listener.h">
      <Filter>NetWork</Filter>
    </ClInclude>
    <ClInclude Include="SocketHelper.h">
      <Filter>NetWork</Filter>
    </ClInclude>
  </ItemGroup>
  <ItemGroup>
    <ClCompile Include="pch.cpp">
      <Filter>pch</Filter>
    </ClCompile>
    <ClCompile Include="Service.cpp">
      <Filter>NetWork</Filter>
    </ClCompile>
    <ClCompile Include="CorePch.cpp">
      <Filter>pch</Filter>
    </ClCompile>
    <ClCompile Include="Listener.cpp">
      <Filter>NetWork</Filter>
    </ClCompile>
    <ClCompile Include="SocketHelper.cpp">
      <Filter>NetWork</Filter>
    </ClCompile>
  </ItemGroup>
</Project>